Microsoft Visual Studio Solution File, Format Version 12.00
# Visual Studio Version 17
VisualStudioVersion = 17.5.2.0
MinimumVisualStudioVersion = 10.0.40219.1
Project("{FAE04EC0-301F-11D3-BF4B-00C04F79EFBC}") = "CadastroJogos", "CadastroJogos.csproj", "{4A441E03-5380-5B09-C88B-B3A73F59AC92}"
EndProject
Global
	GlobalSection(SolutionConfigurationPlatforms) = preSolution
		Debug|Any CPU = Debug|Any CPU
		Release|Any CPU = Release|Any CPU
	EndGlobalSection
	GlobalSection(ProjectConfigurationPlatforms) = postSolution
		{4A441E03-5380-5B09-C88B-B3A73F59AC92}.Debug|Any CPU.ActiveCfg = Debug|Any CPU
		{4A441E03-5380-5B09-C88B-B3A73F59AC92}.Debug|Any CPU.Build.0 = Debug|Any CPU
		{4A441E03-5380-5B09-C88B-B3A73F59AC92}.Release|Any CPU.ActiveCfg = Release|Any CPU
		{4A441E03-5380-5B09-C88B-B3A73F59AC92}.Release|Any CPU.Build.0 = Release|Any CPU
	EndGlobalSection
	GlobalSection(SolutionProperties) = preSolution
		HideSolutionNode = FALSE
	EndGlobalSection
	GlobalSection(ExtensibilityGlobals) = postSolution
		SolutionGuid = {3C2342E1-2567-4642-BA84-25E55BD4E8C0}
	EndGlobalSection
EndGlobal
