Microsoft Visual Studio Solution File, Format Version 12.00
# Visual Studio Version 17
VisualStudioVersion = 17.5.2.0
MinimumVisualStudioVersion = 10.0.40219.1
Project("{FAE04EC0-301F-11D3-BF4B-00C04F79EFBC}") = "Vetores", "Vetores.csproj", "{EF49C7EA-2BD4-2AF0-AC56-E57CE2E517F1}"
EndProject
Global
	GlobalSection(SolutionConfigurationPlatforms) = preSolution
		Debug|Any CPU = Debug|Any CPU
		Release|Any CPU = Release|Any CPU
	EndGlobalSection
	GlobalSection(ProjectConfigurationPlatforms) = postSolution
		{EF49C7EA-2BD4-2AF0-AC56-E57CE2E517F1}.Debug|Any CPU.ActiveCfg = Debug|Any CPU
		{EF49C7EA-2BD4-2AF0-AC56-E57CE2E517F1}.Debug|Any CPU.Build.0 = Debug|Any CPU
		{EF49C7EA-2BD4-2AF0-AC56-E57CE2E517F1}.Release|Any CPU.ActiveCfg = Release|Any CPU
		{EF49C7EA-2BD4-2AF0-AC56-E57CE2E517F1}.Release|Any CPU.Build.0 = Release|Any CPU
	EndGlobalSection
	GlobalSection(SolutionProperties) = preSolution
		HideSolutionNode = FALSE
	EndGlobalSection
	GlobalSection(ExtensibilityGlobals) = postSolution
		SolutionGuid = {2FC606BA-FC8D-4DC7-96B2-37FCD07B8974}
	EndGlobalSection
EndGlobal
